
Microsoft Visual Studio Solution File, Format Version 12.00
# Visual Studio Version 17
VisualStudioVersion = 17.9.34701.34
MinimumVisualStudioVersion = 10.0.40219.1
Project("{FAE04EC0-301F-11D3-BF4B-00C04F79EFBC}") = "Sleep Tracking", "Sleep Tracking.csproj", "{490D1949-EECE-4FC7-968B-BE718930793F}"
EndProject
Global
	GlobalSection(SolutionConfigurationPlatforms) = preSolution
		Debug|Any CPU = Debug|Any CPU
		Release|Any CPU = Release|Any CPU
	EndGlobalSection
	GlobalSection(ProjectConfigurationPlatforms) = postSolution
		{490D1949-EECE-4FC7-968B-BE718930793F}.Debug|Any CPU.ActiveCfg = Debug|Any CPU
		{490D1949-EECE-4FC7-968B-BE718930793F}.Debug|Any CPU.Build.0 = Debug|Any CPU
		{490D1949-EECE-4FC7-968B-BE718930793F}.Release|Any CPU.ActiveCfg = Release|Any CPU
		{490D1949-EECE-4FC7-968B-BE718930793F}.Release|Any CPU.Build.0 = Release|Any CPU
	EndGlobalSection
	GlobalSection(SolutionProperties) = preSolution
		HideSolutionNode = FALSE
	EndGlobalSection
	GlobalSection(ExtensibilityGlobals) = postSolution
		SolutionGuid = {C31284F6-CF11-4277-AE0E-A121837E3700}
	EndGlobalSection
EndGlobal
