
Microsoft Visual Studio Solution File, Format Version 12.00
# Visual Studio Version 17
VisualStudioVersion = 17.9.34701.34
MinimumVisualStudioVersion = 10.0.40219.1
Project("{FAE04EC0-301F-11D3-BF4B-00C04F79EFBC}") = "While Loop and Functions Project", "While Loop and Functions Project.csproj", "{CD5C63B6-3D64-458B-8269-19EE83B7E6BE}"
EndProject
Global
	GlobalSection(SolutionConfigurationPlatforms) = preSolution
		Debug|Any CPU = Debug|Any CPU
		Release|Any CPU = Release|Any CPU
	EndGlobalSection
	GlobalSection(ProjectConfigurationPlatforms) = postSolution
		{CD5C63B6-3D64-458B-8269-19EE83B7E6BE}.Debug|Any CPU.ActiveCfg = Debug|Any CPU
		{CD5C63B6-3D64-458B-8269-19EE83B7E6BE}.Debug|Any CPU.Build.0 = Debug|Any CPU
		{CD5C63B6-3D64-458B-8269-19EE83B7E6BE}.Release|Any CPU.ActiveCfg = Release|Any CPU
		{CD5C63B6-3D64-458B-8269-19EE83B7E6BE}.Release|Any CPU.Build.0 = Release|Any CPU
	EndGlobalSection
	GlobalSection(SolutionProperties) = preSolution
		HideSolutionNode = FALSE
	EndGlobalSection
	GlobalSection(ExtensibilityGlobals) = postSolution
		SolutionGuid = {B0730CAE-1F64-47BF-B482-A444CBCF4F1B}
	EndGlobalSection
EndGlobal
