
Microsoft Visual Studio Solution File, Format Version 12.00
# Visual Studio Version 17
VisualStudioVersion = 17.9.34622.214
MinimumVisualStudioVersion = 10.0.40219.1
Project("{FAE04EC0-301F-11D3-BF4B-00C04F79EFBC}") = "Sales Tax Project 2", "Sales Tax Project 2.csproj", "{BA346971-0E14-452B-A61B-E6254B6F0FC1}"
EndProject
Global
	GlobalSection(SolutionConfigurationPlatforms) = preSolution
		Debug|Any CPU = Debug|Any CPU
		Release|Any CPU = Release|Any CPU
	EndGlobalSection
	GlobalSection(ProjectConfigurationPlatforms) = postSolution
		{BA346971-0E14-452B-A61B-E6254B6F0FC1}.Debug|Any CPU.ActiveCfg = Debug|Any CPU
		{BA346971-0E14-452B-A61B-E6254B6F0FC1}.Debug|Any CPU.Build.0 = Debug|Any CPU
		{BA346971-0E14-452B-A61B-E6254B6F0FC1}.Release|Any CPU.ActiveCfg = Release|Any CPU
		{BA346971-0E14-452B-A61B-E6254B6F0FC1}.Release|Any CPU.Build.0 = Release|Any CPU
	EndGlobalSection
	GlobalSection(SolutionProperties) = preSolution
		HideSolutionNode = FALSE
	EndGlobalSection
	GlobalSection(ExtensibilityGlobals) = postSolution
		SolutionGuid = {85507809-E529-421C-87F9-24A30BB75463}
	EndGlobalSection
EndGlobal
