
Microsoft Visual Studio Solution File, Format Version 12.00
# Visual Studio Version 17
VisualStudioVersion = 17.9.34622.214
MinimumVisualStudioVersion = 10.0.40219.1
Project("{FAE04EC0-301F-11D3-BF4B-00C04F79EFBC}") = "PictureArtProject", "PictureArtProject.csproj", "{F5DF9431-D0D8-4C2F-9726-8787EF7DD42D}"
EndProject
Global
	GlobalSection(SolutionConfigurationPlatforms) = preSolution
		Debug|Any CPU = Debug|Any CPU
		Release|Any CPU = Release|Any CPU
	EndGlobalSection
	GlobalSection(ProjectConfigurationPlatforms) = postSolution
		{F5DF9431-D0D8-4C2F-9726-8787EF7DD42D}.Debug|Any CPU.ActiveCfg = Debug|Any CPU
		{F5DF9431-D0D8-4C2F-9726-8787EF7DD42D}.Debug|Any CPU.Build.0 = Debug|Any CPU
		{F5DF9431-D0D8-4C2F-9726-8787EF7DD42D}.Release|Any CPU.ActiveCfg = Release|Any CPU
		{F5DF9431-D0D8-4C2F-9726-8787EF7DD42D}.Release|Any CPU.Build.0 = Release|Any CPU
	EndGlobalSection
	GlobalSection(SolutionProperties) = preSolution
		HideSolutionNode = FALSE
	EndGlobalSection
	GlobalSection(ExtensibilityGlobals) = postSolution
		SolutionGuid = {D511C719-1A8D-4DED-B890-AE609F22C53B}
	EndGlobalSection
EndGlobal
