
Microsoft Visual Studio Solution File, Format Version 12.00
# Visual Studio Version 17
VisualStudioVersion = 17.9.34701.34
MinimumVisualStudioVersion = 10.0.40219.1
Project("{FAE04EC0-301F-11D3-BF4B-00C04F79EFBC}") = "Array Mini Projects I", "Array Mini Projects I.csproj", "{7E029356-778E-42D3-A272-BBB8A52955C7}"
EndProject
Global
	GlobalSection(SolutionConfigurationPlatforms) = preSolution
		Debug|Any CPU = Debug|Any CPU
		Release|Any CPU = Release|Any CPU
	EndGlobalSection
	GlobalSection(ProjectConfigurationPlatforms) = postSolution
		{7E029356-778E-42D3-A272-BBB8A52955C7}.Debug|Any CPU.ActiveCfg = Debug|Any CPU
		{7E029356-778E-42D3-A272-BBB8A52955C7}.Debug|Any CPU.Build.0 = Debug|Any CPU
		{7E029356-778E-42D3-A272-BBB8A52955C7}.Release|Any CPU.ActiveCfg = Release|Any CPU
		{7E029356-778E-42D3-A272-BBB8A52955C7}.Release|Any CPU.Build.0 = Release|Any CPU
	EndGlobalSection
	GlobalSection(SolutionProperties) = preSolution
		HideSolutionNode = FALSE
	EndGlobalSection
	GlobalSection(ExtensibilityGlobals) = postSolution
		SolutionGuid = {44D95259-5321-4B23-AFAB-7D69B2BDAD4B}
	EndGlobalSection
EndGlobal
