
Microsoft Visual Studio Solution File, Format Version 12.00
# Visual Studio Version 17
VisualStudioVersion = 17.9.34701.34
MinimumVisualStudioVersion = 10.0.40219.1
Project("{FAE04EC0-301F-11D3-BF4B-00C04F79EFBC}") = "A Cure For Sleep", "A Cure For Sleep.csproj", "{7FE6FD33-5DF4-4F1C-87C9-5576FAA6D381}"
EndProject
Global
	GlobalSection(SolutionConfigurationPlatforms) = preSolution
		Debug|Any CPU = Debug|Any CPU
		Release|Any CPU = Release|Any CPU
	EndGlobalSection
	GlobalSection(ProjectConfigurationPlatforms) = postSolution
		{7FE6FD33-5DF4-4F1C-87C9-5576FAA6D381}.Debug|Any CPU.ActiveCfg = Debug|Any CPU
		{7FE6FD33-5DF4-4F1C-87C9-5576FAA6D381}.Debug|Any CPU.Build.0 = Debug|Any CPU
		{7FE6FD33-5DF4-4F1C-87C9-5576FAA6D381}.Release|Any CPU.ActiveCfg = Release|Any CPU
		{7FE6FD33-5DF4-4F1C-87C9-5576FAA6D381}.Release|Any CPU.Build.0 = Release|Any CPU
	EndGlobalSection
	GlobalSection(SolutionProperties) = preSolution
		HideSolutionNode = FALSE
	EndGlobalSection
	GlobalSection(ExtensibilityGlobals) = postSolution
		SolutionGuid = {63A611B6-3521-46A8-80DE-93410435DADC}
	EndGlobalSection
EndGlobal
